
Microsoft Visual Studio Solution File, Format Version 12.00
# Visual Studio 15
VisualStudioVersion = 15.0.27130.2010
MinimumVisualStudioVersion = 10.0.40219.1
Project("{FAE04EC0-301F-11D3-BF4B-00C04F79EFBC}") = "MeadHighSchool", "MeadHighSchool\MeadHighSchool.csproj", "{A45A2811-D985-47AE-9D47-0F3C19F68DE4}"
EndProject
Global
	GlobalSection(SolutionConfigurationPlatforms) = preSolution
		Debug|Any CPU = Debug|Any CPU
		Release|Any CPU = Release|Any CPU
	EndGlobalSection
	GlobalSection(ProjectConfigurationPlatforms) = postSolution
		{A45A2811-D985-47AE-9D47-0F3C19F68DE4}.Debug|Any CPU.ActiveCfg = Debug|Any CPU
		{A45A2811-D985-47AE-9D47-0F3C19F68DE4}.Debug|Any CPU.Build.0 = Debug|Any CPU
		{A45A2811-D985-47AE-9D47-0F3C19F68DE4}.Release|Any CPU.ActiveCfg = Release|Any CPU
		{A45A2811-D985-47AE-9D47-0F3C19F68DE4}.Release|Any CPU.Build.0 = Release|Any CPU
	EndGlobalSection
	GlobalSection(SolutionProperties) = preSolution
		HideSolutionNode = FALSE
	EndGlobalSection
	GlobalSection(ExtensibilityGlobals) = postSolution
		SolutionGuid = {038190A5-A2E8-4B89-B510-E146DC79147C}
	EndGlobalSection
EndGlobal
