
Microsoft Visual Studio Solution File, Format Version 12.00
# Visual Studio 15
VisualStudioVersion = 15.0.27130.2010
MinimumVisualStudioVersion = 10.0.40219.1
Project("{9A19103F-16F7-4668-BE54-9A1E7A4F7556}") = "EntityFramework", "EntityFramework\EntityFramework.csproj", "{869786BC-038F-4A6A-B334-CF761A60F67F}"
EndProject
Project("{FAE04EC0-301F-11D3-BF4B-00C04F79EFBC}") = "XUnitTestProject1", "XUnitTestProject1\XUnitTestProject1.csproj", "{587916B0-3D93-4BAA-A38A-A60D1AE07CCF}"
EndProject
Global
	GlobalSection(SolutionConfigurationPlatforms) = preSolution
		Debug|Any CPU = Debug|Any CPU
		Release|Any CPU = Release|Any CPU
	EndGlobalSection
	GlobalSection(ProjectConfigurationPlatforms) = postSolution
		{869786BC-038F-4A6A-B334-CF761A60F67F}.Debug|Any CPU.ActiveCfg = Debug|Any CPU
		{869786BC-038F-4A6A-B334-CF761A60F67F}.Debug|Any CPU.Build.0 = Debug|Any CPU
		{869786BC-038F-4A6A-B334-CF761A60F67F}.Release|Any CPU.ActiveCfg = Release|Any CPU
		{869786BC-038F-4A6A-B334-CF761A60F67F}.Release|Any CPU.Build.0 = Release|Any CPU
		{587916B0-3D93-4BAA-A38A-A60D1AE07CCF}.Debug|Any CPU.ActiveCfg = Debug|Any CPU
		{587916B0-3D93-4BAA-A38A-A60D1AE07CCF}.Debug|Any CPU.Build.0 = Debug|Any CPU
		{587916B0-3D93-4BAA-A38A-A60D1AE07CCF}.Release|Any CPU.ActiveCfg = Release|Any CPU
		{587916B0-3D93-4BAA-A38A-A60D1AE07CCF}.Release|Any CPU.Build.0 = Release|Any CPU
	EndGlobalSection
	GlobalSection(SolutionProperties) = preSolution
		HideSolutionNode = FALSE
	EndGlobalSection
	GlobalSection(ExtensibilityGlobals) = postSolution
		SolutionGuid = {3FD1AFDF-6213-43D8-8C37-F24C7645D997}
	EndGlobalSection
EndGlobal
